
Microsoft Visual Studio Solution File, Format Version 12.00
# Visual Studio 15
VisualStudioVersion = 15.0.27703.2018
MinimumVisualStudioVersion = 10.0.40219.1
Project("{2150E333-8FDC-42A3-9474-1A3956D46DE8}") = "SM.Models", "SM.Models", "{52A3409D-E722-4E70-8B69-F7A1292DDFB8}"
EndProject
Project("{2150E333-8FDC-42A3-9474-1A3956D46DE8}") = "SM.BusinessLogic", "SM.BusinessLogic", "{5DC6E5A9-FBCB-419D-897A-121EA63ED896}"
EndProject
Project("{2150E333-8FDC-42A3-9474-1A3956D46DE8}") = "SM.DataAccess", "SM.DataAccess", "{25201581-E6C3-4E4B-9A18-407761979A61}"
EndProject
Project("{9A19103F-16F7-4668-BE54-9A1E7A4F7556}") = "SM.Model", "SM.Model\SM.Model.csproj", "{AB11A7AC-AAC5-45D7-BE7B-8AE08B87BA8A}"
EndProject
Project("{9A19103F-16F7-4668-BE54-9A1E7A4F7556}") = "SM.DAL", "SM.DAL\SM.DAL.csproj", "{0CE5EC96-F201-4057-AE75-FE54DDAAC8D7}"
EndProject
Project("{9A19103F-16F7-4668-BE54-9A1E7A4F7556}") = "SM.IDAL", "SM.IDAL\SM.IDAL.csproj", "{BF08FD4B-0C67-4586-9694-3B3823AECD55}"
EndProject
Project("{9A19103F-16F7-4668-BE54-9A1E7A4F7556}") = "SM.BLL", "SM.BLL\SM.BLL.csproj", "{082D4A8A-5181-4E95-88A4-90710CF0A0D9}"
EndProject
Project("{9A19103F-16F7-4668-BE54-9A1E7A4F7556}") = "SM.IBLL", "SM.IBLL\SM.IBLL.csproj", "{44DC7868-0651-4FA4-8719-BF9EAA93BB3F}"
EndProject
Project("{9A19103F-16F7-4668-BE54-9A1E7A4F7556}") = "SM.Common", "SM.Common\SM.Common.csproj", "{E239955B-D88D-4B56-AAF4-B9FE1DF9E56A}"
EndProject
Project("{FAE04EC0-301F-11D3-BF4B-00C04F79EFBC}") = "SM.WebSite", "SM.WebSite\SM.WebSite.csproj", "{44F93F6F-B5ED-4494-9887-4A5F73EC2273}"
EndProject
Global
	GlobalSection(SolutionConfigurationPlatforms) = preSolution
		Debug|Any CPU = Debug|Any CPU
		Release|Any CPU = Release|Any CPU
	EndGlobalSection
	GlobalSection(ProjectConfigurationPlatforms) = postSolution
		{AB11A7AC-AAC5-45D7-BE7B-8AE08B87BA8A}.Debug|Any CPU.ActiveCfg = Debug|Any CPU
		{AB11A7AC-AAC5-45D7-BE7B-8AE08B87BA8A}.Debug|Any CPU.Build.0 = Debug|Any CPU
		{AB11A7AC-AAC5-45D7-BE7B-8AE08B87BA8A}.Release|Any CPU.ActiveCfg = Release|Any CPU
		{AB11A7AC-AAC5-45D7-BE7B-8AE08B87BA8A}.Release|Any CPU.Build.0 = Release|Any CPU
		{0CE5EC96-F201-4057-AE75-FE54DDAAC8D7}.Debug|Any CPU.ActiveCfg = Debug|Any CPU
		{0CE5EC96-F201-4057-AE75-FE54DDAAC8D7}.Debug|Any CPU.Build.0 = Debug|Any CPU
		{0CE5EC96-F201-4057-AE75-FE54DDAAC8D7}.Release|Any CPU.ActiveCfg = Release|Any CPU
		{0CE5EC96-F201-4057-AE75-FE54DDAAC8D7}.Release|Any CPU.Build.0 = Release|Any CPU
		{BF08FD4B-0C67-4586-9694-3B3823AECD55}.Debug|Any CPU.ActiveCfg = Debug|Any CPU
		{BF08FD4B-0C67-4586-9694-3B3823AECD55}.Debug|Any CPU.Build.0 = Debug|Any CPU
		{BF08FD4B-0C67-4586-9694-3B3823AECD55}.Release|Any CPU.ActiveCfg = Release|Any CPU
		{BF08FD4B-0C67-4586-9694-3B3823AECD55}.Release|Any CPU.Build.0 = Release|Any CPU
		{082D4A8A-5181-4E95-88A4-90710CF0A0D9}.Debug|Any CPU.ActiveCfg = Debug|Any CPU
		{082D4A8A-5181-4E95-88A4-90710CF0A0D9}.Debug|Any CPU.Build.0 = Debug|Any CPU
		{082D4A8A-5181-4E95-88A4-90710CF0A0D9}.Release|Any CPU.ActiveCfg = Release|Any CPU
		{082D4A8A-5181-4E95-88A4-90710CF0A0D9}.Release|Any CPU.Build.0 = Release|Any CPU
		{44DC7868-0651-4FA4-8719-BF9EAA93BB3F}.Debug|Any CPU.ActiveCfg = Debug|Any CPU
		{44DC7868-0651-4FA4-8719-BF9EAA93BB3F}.Debug|Any CPU.Build.0 = Debug|Any CPU
		{44DC7868-0651-4FA4-8719-BF9EAA93BB3F}.Release|Any CPU.ActiveCfg = Release|Any CPU
		{44DC7868-0651-4FA4-8719-BF9EAA93BB3F}.Release|Any CPU.Build.0 = Release|Any CPU
		{E239955B-D88D-4B56-AAF4-B9FE1DF9E56A}.Debug|Any CPU.ActiveCfg = Debug|Any CPU
		{E239955B-D88D-4B56-AAF4-B9FE1DF9E56A}.Debug|Any CPU.Build.0 = Debug|Any CPU
		{E239955B-D88D-4B56-AAF4-B9FE1DF9E56A}.Release|Any CPU.ActiveCfg = Release|Any CPU
		{E239955B-D88D-4B56-AAF4-B9FE1DF9E56A}.Release|Any CPU.Build.0 = Release|Any CPU
		{44F93F6F-B5ED-4494-9887-4A5F73EC2273}.Debug|Any CPU.ActiveCfg = Debug|Any CPU
		{44F93F6F-B5ED-4494-9887-4A5F73EC2273}.Debug|Any CPU.Build.0 = Debug|Any CPU
		{44F93F6F-B5ED-4494-9887-4A5F73EC2273}.Release|Any CPU.ActiveCfg = Release|Any CPU
		{44F93F6F-B5ED-4494-9887-4A5F73EC2273}.Release|Any CPU.Build.0 = Release|Any CPU
	EndGlobalSection
	GlobalSection(SolutionProperties) = preSolution
		HideSolutionNode = FALSE
	EndGlobalSection
	GlobalSection(NestedProjects) = preSolution
		{AB11A7AC-AAC5-45D7-BE7B-8AE08B87BA8A} = {52A3409D-E722-4E70-8B69-F7A1292DDFB8}
		{0CE5EC96-F201-4057-AE75-FE54DDAAC8D7} = {25201581-E6C3-4E4B-9A18-407761979A61}
		{BF08FD4B-0C67-4586-9694-3B3823AECD55} = {25201581-E6C3-4E4B-9A18-407761979A61}
		{082D4A8A-5181-4E95-88A4-90710CF0A0D9} = {5DC6E5A9-FBCB-419D-897A-121EA63ED896}
		{44DC7868-0651-4FA4-8719-BF9EAA93BB3F} = {5DC6E5A9-FBCB-419D-897A-121EA63ED896}
	EndGlobalSection
	GlobalSection(ExtensibilityGlobals) = postSolution
		SolutionGuid = {F5EC7AA6-F815-4970-90A1-D2AD49AD2129}
	EndGlobalSection
EndGlobal
